
Microsoft Visual Studio Solution File, Format Version 12.00
# Visual Studio 15
VisualStudioVersion = 15.0.28307.271
MinimumVisualStudioVersion = 10.0.40219.1
Project("{FAE04EC0-301F-11D3-BF4B-00C04F79EFBC}") = "test0311_Hello", "test0311_Hello\test0311_Hello.csproj", "{4BFFAB1A-D660-4C7A-B6F9-24C88E42C26A}"
EndProject
Global
	GlobalSection(SolutionConfigurationPlatforms) = preSolution
		Debug|Any CPU = Debug|Any CPU
		Release|Any CPU = Release|Any CPU
	EndGlobalSection
	GlobalSection(ProjectConfigurationPlatforms) = postSolution
		{4BFFAB1A-D660-4C7A-B6F9-24C88E42C26A}.Debug|Any CPU.ActiveCfg = Debug|Any CPU
		{4BFFAB1A-D660-4C7A-B6F9-24C88E42C26A}.Debug|Any CPU.Build.0 = Debug|Any CPU
		{4BFFAB1A-D660-4C7A-B6F9-24C88E42C26A}.Release|Any CPU.ActiveCfg = Release|Any CPU
		{4BFFAB1A-D660-4C7A-B6F9-24C88E42C26A}.Release|Any CPU.Build.0 = Release|Any CPU
	EndGlobalSection
	GlobalSection(SolutionProperties) = preSolution
		HideSolutionNode = FALSE
	EndGlobalSection
	GlobalSection(ExtensibilityGlobals) = postSolution
		SolutionGuid = {5622D96A-4D05-41E1-94E4-876D694C2D3C}
	EndGlobalSection
EndGlobal
